
Microsoft Visual Studio Solution File, Format Version 12.00
# Visual Studio Version 16
VisualStudioVersion = 16.0.30509.190
MinimumVisualStudioVersion = 10.0.40219.1
Project("{9A19103F-16F7-4668-BE54-9A1E7A4F7556}") = "LabCMS.FixtureDomain.Shared", "LabCMS.FixtureDomain.Shared\LabCMS.FixtureDomain.Shared.csproj", "{386B22C1-608E-42E6-B6FF-D6684A63E84C}"
EndProject
Project("{9A19103F-16F7-4668-BE54-9A1E7A4F7556}") = "LabCMS.ProjectDomain.Shared", "LabCMS.ProjectDomain.Shared\LabCMS.ProjectDomain.Shared.csproj", "{1064C023-8650-44D0-8405-FC7535AA81E6}"
EndProject
Project("{9A19103F-16F7-4668-BE54-9A1E7A4F7556}") = "LabCMS.ProjectDomain.Server", "LabCMS.ProjectDomain.Server\LabCMS.ProjectDomain.Server.csproj", "{23DACDE2-9FB8-414D-90E5-483DBC765668}"
EndProject
Project("{9A19103F-16F7-4668-BE54-9A1E7A4F7556}") = "LabCMS.FixtureDomain.Server", "LabCMS.FixtureDomain.Server\LabCMS.FixtureDomain.Server.csproj", "{C14A4192-91C2-4D00-AFDD-2135473D3982}"
EndProject
Project("{9A19103F-16F7-4668-BE54-9A1E7A4F7556}") = "LabCMS.Shared", "LabCMS.Shared\LabCMS.Shared.csproj", "{696DE1D7-6737-4408-A52C-1ED57EF7BA29}"
EndProject
Project("{FAE04EC0-301F-11D3-BF4B-00C04F79EFBC}") = "LabCMS.Gateway.Shared", "LabCMS.Gateway.Shared\LabCMS.Gateway.Shared.csproj", "{D3D6376B-6C5B-407C-BA66-7C9DC14317CE}"
EndProject
Project("{FAE04EC0-301F-11D3-BF4B-00C04F79EFBC}") = "LabCMS.FixtureDomain.Client.Wpf", "LabCMS.FixtureDomain.Client.Wpf\LabCMS.FixtureDomain.Client.Wpf.csproj", "{BC975462-1FC5-4E7F-8971-C94BD348860F}"
EndProject
Project("{FAE04EC0-301F-11D3-BF4B-00C04F79EFBC}") = "LabCMS.FixtureDomain.Client.Blazor", "LabCMS.FixtureDomain.Client.Blazor\LabCMS.FixtureDomain.Client.Blazor.csproj", "{450796CB-FBC4-4ED8-AA3D-6E54587A1EE0}"
EndProject
Global
	GlobalSection(SolutionConfigurationPlatforms) = preSolution
		Debug|Any CPU = Debug|Any CPU
		Release|Any CPU = Release|Any CPU
	EndGlobalSection
	GlobalSection(ProjectConfigurationPlatforms) = postSolution
		{386B22C1-608E-42E6-B6FF-D6684A63E84C}.Debug|Any CPU.ActiveCfg = Debug|Any CPU
		{386B22C1-608E-42E6-B6FF-D6684A63E84C}.Debug|Any CPU.Build.0 = Debug|Any CPU
		{386B22C1-608E-42E6-B6FF-D6684A63E84C}.Release|Any CPU.ActiveCfg = Release|Any CPU
		{386B22C1-608E-42E6-B6FF-D6684A63E84C}.Release|Any CPU.Build.0 = Release|Any CPU
		{1064C023-8650-44D0-8405-FC7535AA81E6}.Debug|Any CPU.ActiveCfg = Debug|Any CPU
		{1064C023-8650-44D0-8405-FC7535AA81E6}.Debug|Any CPU.Build.0 = Debug|Any CPU
		{1064C023-8650-44D0-8405-FC7535AA81E6}.Release|Any CPU.ActiveCfg = Release|Any CPU
		{1064C023-8650-44D0-8405-FC7535AA81E6}.Release|Any CPU.Build.0 = Release|Any CPU
		{23DACDE2-9FB8-414D-90E5-483DBC765668}.Debug|Any CPU.ActiveCfg = Debug|Any CPU
		{23DACDE2-9FB8-414D-90E5-483DBC765668}.Debug|Any CPU.Build.0 = Debug|Any CPU
		{23DACDE2-9FB8-414D-90E5-483DBC765668}.Release|Any CPU.ActiveCfg = Release|Any CPU
		{23DACDE2-9FB8-414D-90E5-483DBC765668}.Release|Any CPU.Build.0 = Release|Any CPU
		{C14A4192-91C2-4D00-AFDD-2135473D3982}.Debug|Any CPU.ActiveCfg = Debug|Any CPU
		{C14A4192-91C2-4D00-AFDD-2135473D3982}.Debug|Any CPU.Build.0 = Debug|Any CPU
		{C14A4192-91C2-4D00-AFDD-2135473D3982}.Release|Any CPU.ActiveCfg = Release|Any CPU
		{C14A4192-91C2-4D00-AFDD-2135473D3982}.Release|Any CPU.Build.0 = Release|Any CPU
		{696DE1D7-6737-4408-A52C-1ED57EF7BA29}.Debug|Any CPU.ActiveCfg = Debug|Any CPU
		{696DE1D7-6737-4408-A52C-1ED57EF7BA29}.Debug|Any CPU.Build.0 = Debug|Any CPU
		{696DE1D7-6737-4408-A52C-1ED57EF7BA29}.Release|Any CPU.ActiveCfg = Release|Any CPU
		{696DE1D7-6737-4408-A52C-1ED57EF7BA29}.Release|Any CPU.Build.0 = Release|Any CPU
		{D3D6376B-6C5B-407C-BA66-7C9DC14317CE}.Debug|Any CPU.ActiveCfg = Debug|Any CPU
		{D3D6376B-6C5B-407C-BA66-7C9DC14317CE}.Debug|Any CPU.Build.0 = Debug|Any CPU
		{D3D6376B-6C5B-407C-BA66-7C9DC14317CE}.Release|Any CPU.ActiveCfg = Release|Any CPU
		{D3D6376B-6C5B-407C-BA66-7C9DC14317CE}.Release|Any CPU.Build.0 = Release|Any CPU
		{BC975462-1FC5-4E7F-8971-C94BD348860F}.Debug|Any CPU.ActiveCfg = Debug|Any CPU
		{BC975462-1FC5-4E7F-8971-C94BD348860F}.Debug|Any CPU.Build.0 = Debug|Any CPU
		{BC975462-1FC5-4E7F-8971-C94BD348860F}.Release|Any CPU.ActiveCfg = Release|Any CPU
		{BC975462-1FC5-4E7F-8971-C94BD348860F}.Release|Any CPU.Build.0 = Release|Any CPU
		{450796CB-FBC4-4ED8-AA3D-6E54587A1EE0}.Debug|Any CPU.ActiveCfg = Debug|Any CPU
		{450796CB-FBC4-4ED8-AA3D-6E54587A1EE0}.Debug|Any CPU.Build.0 = Debug|Any CPU
		{450796CB-FBC4-4ED8-AA3D-6E54587A1EE0}.Release|Any CPU.ActiveCfg = Release|Any CPU
		{450796CB-FBC4-4ED8-AA3D-6E54587A1EE0}.Release|Any CPU.Build.0 = Release|Any CPU
	EndGlobalSection
	GlobalSection(SolutionProperties) = preSolution
		HideSolutionNode = FALSE
	EndGlobalSection
	GlobalSection(ExtensibilityGlobals) = postSolution
		SolutionGuid = {7D10F2C6-18CA-4336-81C3-663AB4A9602D}
	EndGlobalSection
EndGlobal
